{
  "nodes": {
    "crane": {
      "inputs": {
        "flake-compat": "flake-compat",
        "flake-utils": [
          "nixify",
          "flake-utils"
        ],
        "nixpkgs": [
          "nixify",
          "nixpkgs"
        ],
        "rust-overlay": [
          "nixify",
          "rust-overlay"
        ]
      },
      "locked": {
        "lastModified": 1669943300,
        "narHash": "sha256-1adQsyh7MvtlR19cJvL0VWemVTWwVbWSKrmrfX60ztU=",
        "owner": "ipetkov",
        "repo": "crane",
        "rev": "fb80a689c5c517bc40d9cc1828c384c38de90dda",
        "type": "github"
      },
      "original": {
        "owner": "ipetkov",
        "ref": "v0.10.0",
        "repo": "crane",
        "type": "github"
      }
    },
    "flake-compat": {
      "flake": false,
      "locked": {
        "lastModified": 1650374568,
        "narHash": "sha256-Z+s0J8/r907g149rllvwhb4pKi8Wam5ij0st8PwAh+E=",
        "owner": "edolstra",
        "repo": "flake-compat",
        "rev": "b4a34015c698c7793d592d66adbab377907a2be8",
        "type": "github"
      },
      "original": {
        "owner": "edolstra",
        "repo": "flake-compat",
        "type": "github"
      }
    },
    "flake-utils": {
      "locked": {
        "lastModified": 1667395993,
        "narHash": "sha256-nuEHfE/LcWyuSWnS8t12N1wc105Qtau+/OdUAjtQ0rA=",
        "owner": "numtide",
        "repo": "flake-utils",
        "rev": "5aed5285a952e0b949eb3ba02c12fa4fcfef535f",
        "type": "github"
      },
      "original": {
        "owner": "numtide",
        "repo": "flake-utils",
        "type": "github"
      }
    },
    "nixify": {
      "inputs": {
        "crane": "crane",
        "flake-utils": "flake-utils",
        "nixlib": "nixlib",
        "nixpkgs": "nixpkgs",
        "rust-overlay": "rust-overlay"
      },
      "locked": {
        "lastModified": 1671207691,
        "narHash": "sha256-n2+EpgXcKAf5Z4m/bKh7BP9CwIsd6gClrgpB1FkXZSc=",
        "owner": "rvolosatovs",
        "repo": "nixify",
        "rev": "1b517a7dd696914a5089e1af8a89f185b3a8fdda",
        "type": "github"
      },
      "original": {
        "owner": "rvolosatovs",
        "repo": "nixify",
        "type": "github"
      }
    },
    "nixlib": {
      "locked": {
        "lastModified": 1670719927,
        "narHash": "sha256-HFFqs0tj+ebkNzdCjq+3gACKtdEZKYc/sZms4DTIx3Q=",
        "owner": "nix-community",
        "repo": "nixpkgs.lib",
        "rev": "326ba2ee6cb73c64e8bd73932f61439ea082cde9",
        "type": "github"
      },
      "original": {
        "owner": "nix-community",
        "repo": "nixpkgs.lib",
        "type": "github"
      }
    },
    "nixpkgs": {
      "locked": {
        "lastModified": 1671104304,
        "narHash": "sha256-XT0Kyw/W8DWd1Qb1fWUjkK647hwFCuzcx8WrQCIG8Ec=",
        "owner": "nixos",
        "repo": "nixpkgs",
        "rev": "0461a5124276c6a314f63d5ec1f6b653a53289b3",
        "type": "github"
      },
      "original": {
        "owner": "nixos",
        "ref": "nixpkgs-22.05-darwin",
        "repo": "nixpkgs",
        "type": "github"
      }
    },
    "root": {
      "inputs": {
        "nixify": "nixify"
      }
    },
    "rust-overlay": {
      "inputs": {
        "flake-utils": [
          "nixify",
          "flake-utils"
        ],
        "nixpkgs": [
          "nixify",
          "nixpkgs"
        ]
      },
      "locked": {
        "lastModified": 1671071423,
        "narHash": "sha256-zUldhyWANdgko+lqQuB1Eee7TyYya1KiOS0SCd/Y268=",
        "owner": "oxalica",
        "repo": "rust-overlay",
        "rev": "684659b7ca903e512a421bc6ade689fb26e509b4",
        "type": "github"
      },
      "original": {
        "owner": "oxalica",
        "repo": "rust-overlay",
        "type": "github"
      }
    }
  },
  "root": "root",
  "version": 7
}
