# This file is automatically @generated by Cargo.
# It is not intended for manual editing.
version = 3

[[package]]
name = "enarx_syscall_tests"
version = "0.1.0"
dependencies = [
 "goblin",
 "rcrt1",
 "sallyport",
]

[[package]]
name = "goblin"
version = "0.5.4"
source = "registry+https://github.com/rust-lang/crates.io-index"
checksum = "a7666983ed0dd8d21a6f6576ee00053ca0926fb281a5522577a4dbd0f1b54143"
dependencies = [
 "plain",
 "scroll",
]

[[package]]
name = "libc"
version = "0.2.132"
source = "registry+https://github.com/rust-lang/crates.io-index"
checksum = "8371e4e5341c3a96db127eb2465ac681ced4c433e01dd0e938adbef26ba93ba5"

[[package]]
name = "plain"
version = "0.2.3"
source = "registry+https://github.com/rust-lang/crates.io-index"
checksum = "b4596b6d070b27117e987119b4dac604f3c58cfb0b191112e24771b2faeac1a6"

[[package]]
name = "rcrt1"
version = "2.4.0"
source = "registry+https://github.com/rust-lang/crates.io-index"
checksum = "4f8a99a72ca3e4288ba1beac8418e6602a4d519efaecdc5844370b02cbd980e3"
dependencies = [
 "goblin",
 "libc",
]

[[package]]
name = "sallyport"
version = "0.6.3"
dependencies = [
 "goblin",
]

[[package]]
name = "scroll"
version = "0.11.0"
source = "registry+https://github.com/rust-lang/crates.io-index"
checksum = "04c565b551bafbef4157586fa379538366e4385d42082f255bfd96e4fe8519da"
