# This file is automatically @generated by Cargo.
# It is not intended for manual editing.
version = 3

[[package]]
name = "bitflags"
version = "1.2.1"
source = "registry+https://github.com/rust-lang/crates.io-index"
checksum = "cf1de2fe8c75bc145a2f577add951f8134889b4795d47466a54a5c846d691693"

[[package]]
name = "cc"
version = "1.0.68"
source = "registry+https://github.com/rust-lang/crates.io-index"
checksum = "4a72c244c1ff497a746a7e1fb3d14bd08420ecda70c8f25c7112f2781652d787"

[[package]]
name = "compiler_builtins"
version = "0.1.46"
source = "registry+https://github.com/rust-lang/crates.io-index"
checksum = "d69484e04eab372f5f345920e3a8c7a06e7dcbb75c0944eccdc3e3160aeee3c7"

[[package]]
name = "const-default"
version = "0.1.0"
source = "registry+https://github.com/rust-lang/crates.io-index"
checksum = "d59d84f451ba351bb70fe7f150a46314fdca5f98bb5f51353734806e879f228b"
dependencies = [
 "const-default-derive",
]

[[package]]
name = "const-default-derive"
version = "0.1.0"
source = "registry+https://github.com/rust-lang/crates.io-index"
checksum = "67a575ae520bba956e5f9d1d7bdfac9ca7530d8a4dfa34ad1976244096a8fa04"
dependencies = [
 "proc-macro2",
 "quote",
 "syn",
]

[[package]]
name = "crt0stack"
version = "0.1.0"
source = "registry+https://github.com/rust-lang/crates.io-index"
checksum = "9274b445ee572d50bdeb17a1101be829becc565b5c12b21a697af4d360b48e8d"

[[package]]
name = "enarx-heap"
version = "0.1.0"
source = "git+https://github.com/enarx/enarx-heap?rev=6ecf48aa3db78a0cc17f32870c52446dba30f376#6ecf48aa3db78a0cc17f32870c52446dba30f376"
dependencies = [
 "libc",
 "lset",
 "primordial",
]

[[package]]
name = "goblin"
version = "0.3.4"
source = "registry+https://github.com/rust-lang/crates.io-index"
checksum = "669cdc3826f69a51d3f8fc3f86de81c2378110254f678b8407977736122057a4"
dependencies = [
 "plain",
 "scroll",
]

[[package]]
name = "goblin"
version = "0.4.2"
source = "registry+https://github.com/rust-lang/crates.io-index"
checksum = "0b1800b95efee8ad4ef04517d4d69f8e209e763b1668f1179aeeedd0e454da55"
dependencies = [
 "plain",
 "scroll",
]

[[package]]
name = "libc"
version = "0.2.97"
source = "registry+https://github.com/rust-lang/crates.io-index"
checksum = "12b8adadd720df158f4d70dfe7ccc6adb0472d7c55ca83445f6a5ab3e36f8fb6"

[[package]]
name = "lset"
version = "0.1.0"
source = "registry+https://github.com/rust-lang/crates.io-index"
checksum = "23b20ea162e8026b8fc058e49bbc77ad7dd48d1907b3de206ecbe549c7ce669a"

[[package]]
name = "nbytes"
version = "0.1.0"
source = "registry+https://github.com/rust-lang/crates.io-index"
checksum = "c619aa76dbb3f67970c7cf10fc3efa81da412be26d4dda1726af76b25260dc66"

[[package]]
name = "plain"
version = "0.2.3"
source = "registry+https://github.com/rust-lang/crates.io-index"
checksum = "b4596b6d070b27117e987119b4dac604f3c58cfb0b191112e24771b2faeac1a6"

[[package]]
name = "primordial"
version = "0.1.0"
source = "registry+https://github.com/rust-lang/crates.io-index"
checksum = "979d94833957a6485c5cac4b71d552a9cd0b9f3f6fd1c7c5dc8096b3ee2bcd13"

[[package]]
name = "proc-macro2"
version = "1.0.27"
source = "registry+https://github.com/rust-lang/crates.io-index"
checksum = "f0d8caf72986c1a598726adc988bb5984792ef84f5ee5aa50209145ee8077038"
dependencies = [
 "unicode-xid",
]

[[package]]
name = "quote"
version = "1.0.9"
source = "registry+https://github.com/rust-lang/crates.io-index"
checksum = "c3d0b9745dc2debf507c8422de05d7226cc1f0644216dfdfead988f9b1ab32a7"
dependencies = [
 "proc-macro2",
]

[[package]]
name = "rcrt1"
version = "0.1.0"
source = "git+https://github.com/enarx/rcrt1?rev=2205dc7#2205dc77b97b7d27dda2f34b4f1dacdb45f37186"
dependencies = [
 "goblin 0.3.4",
 "libc",
]

[[package]]
name = "sallyport"
version = "0.1.0"
source = "git+https://github.com/enarx/sallyport?rev=efccf0f#efccf0f52bee0a80d7084d63976d962096d204df"
dependencies = [
 "libc",
 "primordial",
]

[[package]]
name = "scroll"
version = "0.10.2"
source = "registry+https://github.com/rust-lang/crates.io-index"
checksum = "fda28d4b4830b807a8b43f7b0e6b5df875311b3e7621d84577188c175b6ec1ec"

[[package]]
name = "sgx"
version = "0.1.0"
source = "git+https://github.com/enarx/sgx?rev=4bb50e55bc8717c5bc2a98d680bf1be436cda8de#4bb50e55bc8717c5bc2a98d680bf1be436cda8de"
dependencies = [
 "bitflags",
 "cc",
 "lset",
 "primordial",
 "xsave",
]

[[package]]
name = "shim-sgx"
version = "0.1.0"
dependencies = [
 "compiler_builtins",
 "const-default",
 "crt0stack",
 "enarx-heap",
 "goblin 0.4.2",
 "libc",
 "lset",
 "nbytes",
 "primordial",
 "rcrt1",
 "sallyport",
 "sgx",
 "xsave",
]

[[package]]
name = "syn"
version = "1.0.73"
source = "registry+https://github.com/rust-lang/crates.io-index"
checksum = "f71489ff30030d2ae598524f61326b902466f72a0fb1a8564c001cc63425bcc7"
dependencies = [
 "proc-macro2",
 "quote",
 "unicode-xid",
]

[[package]]
name = "unicode-xid"
version = "0.2.2"
source = "registry+https://github.com/rust-lang/crates.io-index"
checksum = "8ccb82d61f80a663efe1f787a51b16b5a51e3314d6ac365b08639f52387b33f3"

[[package]]
name = "xsave"
version = "0.1.1"
source = "registry+https://github.com/rust-lang/crates.io-index"
checksum = "8b36775a33bebddc33e8b05f223b772c7a68179f731fce929b0921fa74511ae9"
dependencies = [
 "bitflags",
 "const-default",
]
