# This file is automatically @generated by Cargo.
# It is not intended for manual editing.
[[package]]
name = "bitflags"
version = "1.2.1"
source = "registry+https://github.com/rust-lang/crates.io-index"
checksum = "cf1de2fe8c75bc145a2f577add951f8134889b4795d47466a54a5c846d691693"

[[package]]
name = "cc"
version = "1.0.61"
source = "registry+https://github.com/rust-lang/crates.io-index"
checksum = "ed67cbde08356238e75fc4656be4749481eeffb09e19f320a25237d5221c985d"

[[package]]
name = "compiler_builtins"
version = "0.1.36"
source = "registry+https://github.com/rust-lang/crates.io-index"
checksum = "7cd0782e0a7da7598164153173e5a5d4d9b1da094473c98dce0ff91406112369"

[[package]]
name = "const-default"
version = "0.1.0"
source = "registry+https://github.com/rust-lang/crates.io-index"
checksum = "d59d84f451ba351bb70fe7f150a46314fdca5f98bb5f51353734806e879f228b"
dependencies = [
 "const-default-derive",
]

[[package]]
name = "const-default-derive"
version = "0.1.0"
source = "registry+https://github.com/rust-lang/crates.io-index"
checksum = "67a575ae520bba956e5f9d1d7bdfac9ca7530d8a4dfa34ad1976244096a8fa04"
dependencies = [
 "proc-macro2",
 "quote",
 "syn",
]

[[package]]
name = "crt0stack"
version = "0.1.0"
source = "registry+https://github.com/rust-lang/crates.io-index"
checksum = "9274b445ee572d50bdeb17a1101be829becc565b5c12b21a697af4d360b48e8d"

[[package]]
name = "goblin"
version = "0.2.3"
source = "registry+https://github.com/rust-lang/crates.io-index"
checksum = "d20fd25aa456527ce4f544271ae4fea65d2eda4a6561ea56f39fb3ee4f7e3884"
dependencies = [
 "plain",
 "scroll",
]

[[package]]
name = "libc"
version = "0.2.80"
source = "registry+https://github.com/rust-lang/crates.io-index"
checksum = "4d58d1b70b004888f764dfbf6a26a3b0342a1632d33968e4a179d8011c760614"

[[package]]
name = "lset"
version = "0.1.0"
source = "registry+https://github.com/rust-lang/crates.io-index"
checksum = "23b20ea162e8026b8fc058e49bbc77ad7dd48d1907b3de206ecbe549c7ce669a"

[[package]]
name = "nbytes"
version = "0.1.0"
source = "registry+https://github.com/rust-lang/crates.io-index"
checksum = "c619aa76dbb3f67970c7cf10fc3efa81da412be26d4dda1726af76b25260dc66"

[[package]]
name = "plain"
version = "0.2.3"
source = "registry+https://github.com/rust-lang/crates.io-index"
checksum = "b4596b6d070b27117e987119b4dac604f3c58cfb0b191112e24771b2faeac1a6"

[[package]]
name = "primordial"
version = "0.1.0"
source = "registry+https://github.com/rust-lang/crates.io-index"
checksum = "979d94833957a6485c5cac4b71d552a9cd0b9f3f6fd1c7c5dc8096b3ee2bcd13"

[[package]]
name = "proc-macro2"
version = "1.0.24"
source = "registry+https://github.com/rust-lang/crates.io-index"
checksum = "1e0704ee1a7e00d7bb417d0770ea303c1bccbabf0ef1667dae92b5967f5f8a71"
dependencies = [
 "unicode-xid",
]

[[package]]
name = "quote"
version = "1.0.7"
source = "registry+https://github.com/rust-lang/crates.io-index"
checksum = "aa563d17ecb180e500da1cfd2b028310ac758de548efdd203e18f283af693f37"
dependencies = [
 "proc-macro2",
]

[[package]]
name = "rcrt1"
version = "0.1.0"
dependencies = [
 "goblin",
 "libc",
]

[[package]]
name = "sallyport"
version = "0.1.0"
dependencies = [
 "libc",
 "primordial",
]

[[package]]
name = "scroll"
version = "0.10.1"
source = "registry+https://github.com/rust-lang/crates.io-index"
checksum = "abb2332cb595d33f7edd5700f4cbf94892e680c7f0ae56adab58a35190b66cb1"

[[package]]
name = "sgx"
version = "0.1.0"
source = "git+https://github.com/enarx/sgx?rev=512e077#512e077654ddecc7ca25690b31fc25de9f4b2870"
dependencies = [
 "bitflags",
 "cc",
 "lset",
 "primordial",
 "xsave",
]

[[package]]
name = "sgx-heap"
version = "0.1.0"
dependencies = [
 "libc",
 "lset",
 "primordial",
]

[[package]]
name = "shim-sgx"
version = "0.1.0"
dependencies = [
 "cc",
 "compiler_builtins",
 "crt0stack",
 "goblin",
 "libc",
 "lset",
 "nbytes",
 "primordial",
 "rcrt1",
 "sallyport",
 "sgx",
 "sgx-heap",
]

[[package]]
name = "syn"
version = "1.0.42"
source = "registry+https://github.com/rust-lang/crates.io-index"
checksum = "9c51d92969d209b54a98397e1b91c8ae82d8c87a7bb87df0b29aa2ad81454228"
dependencies = [
 "proc-macro2",
 "quote",
 "unicode-xid",
]

[[package]]
name = "unicode-xid"
version = "0.2.1"
source = "registry+https://github.com/rust-lang/crates.io-index"
checksum = "f7fe0bb3479651439c9112f72b6c505038574c9fbb575ed1bf3b797fa39dd564"

[[package]]
name = "xsave"
version = "0.1.1"
source = "registry+https://github.com/rust-lang/crates.io-index"
checksum = "8b36775a33bebddc33e8b05f223b772c7a68179f731fce929b0921fa74511ae9"
dependencies = [
 "bitflags",
 "const-default",
]
