# This file is automatically @generated by Cargo.
# It is not intended for manual editing.
[[package]]
name = "array-const-fn-init"
version = "0.1.1"
source = "registry+https://github.com/rust-lang/crates.io-index"
checksum = "8bcb85e548c05d407fa6faff46b750ba287714ef32afc0f5e15b4641ffd6affb"

[[package]]
name = "bit_field"
version = "0.9.0"
source = "registry+https://github.com/rust-lang/crates.io-index"
checksum = "ed8765909f9009617974ab6b7d332625b320b33c326b1e9321382ef1999b5d56"

[[package]]
name = "bitflags"
version = "1.2.1"
source = "registry+https://github.com/rust-lang/crates.io-index"
checksum = "cf1de2fe8c75bc145a2f577add951f8134889b4795d47466a54a5c846d691693"

[[package]]
name = "cc"
version = "1.0.62"
source = "registry+https://github.com/rust-lang/crates.io-index"
checksum = "f1770ced377336a88a67c473594ccc14eca6f4559217c34f64aac8f83d641b40"

[[package]]
name = "compiler_builtins"
version = "0.1.36"
source = "registry+https://github.com/rust-lang/crates.io-index"
checksum = "7cd0782e0a7da7598164153173e5a5d4d9b1da094473c98dce0ff91406112369"

[[package]]
name = "crt0stack"
version = "0.1.0"
source = "registry+https://github.com/rust-lang/crates.io-index"
checksum = "9274b445ee572d50bdeb17a1101be829becc565b5c12b21a697af4d360b48e8d"

[[package]]
name = "goblin"
version = "0.2.3"
source = "registry+https://github.com/rust-lang/crates.io-index"
checksum = "d20fd25aa456527ce4f544271ae4fea65d2eda4a6561ea56f39fb3ee4f7e3884"
dependencies = [
 "plain",
 "scroll",
]

[[package]]
name = "libc"
version = "0.2.80"
source = "registry+https://github.com/rust-lang/crates.io-index"
checksum = "4d58d1b70b004888f764dfbf6a26a3b0342a1632d33968e4a179d8011c760614"

[[package]]
name = "lock_api"
version = "0.4.1"
source = "registry+https://github.com/rust-lang/crates.io-index"
checksum = "28247cc5a5be2f05fbcd76dd0cf2c7d3b5400cb978a28042abcd4fa0b3f8261c"
dependencies = [
 "scopeguard",
]

[[package]]
name = "lset"
version = "0.1.0"
source = "registry+https://github.com/rust-lang/crates.io-index"
checksum = "23b20ea162e8026b8fc058e49bbc77ad7dd48d1907b3de206ecbe549c7ce669a"

[[package]]
name = "nbytes"
version = "0.1.0"
source = "registry+https://github.com/rust-lang/crates.io-index"
checksum = "c619aa76dbb3f67970c7cf10fc3efa81da412be26d4dda1726af76b25260dc66"

[[package]]
name = "plain"
version = "0.2.3"
source = "registry+https://github.com/rust-lang/crates.io-index"
checksum = "b4596b6d070b27117e987119b4dac604f3c58cfb0b191112e24771b2faeac1a6"

[[package]]
name = "primordial"
version = "0.1.0"
source = "registry+https://github.com/rust-lang/crates.io-index"
checksum = "979d94833957a6485c5cac4b71d552a9cd0b9f3f6fd1c7c5dc8096b3ee2bcd13"

[[package]]
name = "rcrt1"
version = "0.1.0"
dependencies = [
 "goblin",
 "libc",
]

[[package]]
name = "sallyport"
version = "0.1.0"
dependencies = [
 "libc",
 "primordial",
]

[[package]]
name = "same-file"
version = "1.0.6"
source = "registry+https://github.com/rust-lang/crates.io-index"
checksum = "93fc1dc3aaa9bfed95e02e6eadabb4baf7e3078b0bd1b4d7b6b0b68378900502"
dependencies = [
 "winapi-util",
]

[[package]]
name = "scopeguard"
version = "1.1.0"
source = "registry+https://github.com/rust-lang/crates.io-index"
checksum = "d29ab0c6d3fc0ee92fe66e2d99f700eab17a8d57d1c1d3b748380fb20baa78cd"

[[package]]
name = "scroll"
version = "0.10.1"
source = "registry+https://github.com/rust-lang/crates.io-index"
checksum = "abb2332cb595d33f7edd5700f4cbf94892e680c7f0ae56adab58a35190b66cb1"

[[package]]
name = "shim-sev"
version = "0.1.0"
dependencies = [
 "array-const-fn-init",
 "cc",
 "compiler_builtins",
 "crt0stack",
 "goblin",
 "libc",
 "lset",
 "nbytes",
 "primordial",
 "rcrt1",
 "sallyport",
 "spinning",
 "syscall",
 "untrusted",
 "walkdir",
 "x86_64",
]

[[package]]
name = "spinning"
version = "0.0.3"
source = "registry+https://github.com/rust-lang/crates.io-index"
checksum = "ced8156fe289bee8576050d3924fe6f3926b552b41afe810f5461acaca42c9f1"
dependencies = [
 "lock_api",
]

[[package]]
name = "syscall"
version = "0.1.0"
dependencies = [
 "libc",
 "primordial",
 "sallyport",
 "untrusted",
]

[[package]]
name = "untrusted"
version = "0.1.0"
dependencies = [
 "primordial",
]

[[package]]
name = "walkdir"
version = "2.3.1"
source = "registry+https://github.com/rust-lang/crates.io-index"
checksum = "777182bc735b6424e1a57516d35ed72cb8019d85c8c9bf536dccb3445c1a2f7d"
dependencies = [
 "same-file",
 "winapi",
 "winapi-util",
]

[[package]]
name = "winapi"
version = "0.3.9"
source = "registry+https://github.com/rust-lang/crates.io-index"
checksum = "5c839a674fcd7a98952e593242ea400abe93992746761e38641405d28b00f419"
dependencies = [
 "winapi-i686-pc-windows-gnu",
 "winapi-x86_64-pc-windows-gnu",
]

[[package]]
name = "winapi-i686-pc-windows-gnu"
version = "0.4.0"
source = "registry+https://github.com/rust-lang/crates.io-index"
checksum = "ac3b87c63620426dd9b991e5ce0329eff545bccbbb34f3be09ff6fb6ab51b7b6"

[[package]]
name = "winapi-util"
version = "0.1.5"
source = "registry+https://github.com/rust-lang/crates.io-index"
checksum = "70ec6ce85bb158151cae5e5c87f95a8e97d2c0c4b001223f33a334e3ce5de178"
dependencies = [
 "winapi",
]

[[package]]
name = "winapi-x86_64-pc-windows-gnu"
version = "0.4.0"
source = "registry+https://github.com/rust-lang/crates.io-index"
checksum = "712e227841d057c1ee1cd2fb22fa7e5a5461ae8e48fa2ca79ec42cfc1931183f"

[[package]]
name = "x86_64"
version = "0.12.3"
source = "registry+https://github.com/rust-lang/crates.io-index"
checksum = "79872a41412b9f91e72b24ab7f057ba500b5776349c5106d0b2e064e97ff1252"
dependencies = [
 "bit_field",
 "bitflags",
]
