# This file is automatically @generated by Cargo.
# It is not intended for manual editing.
version = 3

[[package]]
name = "array-const-fn-init"
version = "0.1.1"
source = "registry+https://github.com/rust-lang/crates.io-index"
checksum = "8bcb85e548c05d407fa6faff46b750ba287714ef32afc0f5e15b4641ffd6affb"

[[package]]
name = "bit_field"
version = "0.9.0"
source = "registry+https://github.com/rust-lang/crates.io-index"
checksum = "ed8765909f9009617974ab6b7d332625b320b33c326b1e9321382ef1999b5d56"

[[package]]
name = "bitflags"
version = "1.2.1"
source = "registry+https://github.com/rust-lang/crates.io-index"
checksum = "cf1de2fe8c75bc145a2f577add951f8134889b4795d47466a54a5c846d691693"

[[package]]
name = "compiler_builtins"
version = "0.1.46"
source = "registry+https://github.com/rust-lang/crates.io-index"
checksum = "d69484e04eab372f5f345920e3a8c7a06e7dcbb75c0944eccdc3e3160aeee3c7"

[[package]]
name = "crt0stack"
version = "0.1.0"
source = "registry+https://github.com/rust-lang/crates.io-index"
checksum = "9274b445ee572d50bdeb17a1101be829becc565b5c12b21a697af4d360b48e8d"

[[package]]
name = "goblin"
version = "0.3.4"
source = "registry+https://github.com/rust-lang/crates.io-index"
checksum = "669cdc3826f69a51d3f8fc3f86de81c2378110254f678b8407977736122057a4"
dependencies = [
 "plain",
 "scroll",
]

[[package]]
name = "libc"
version = "0.2.97"
source = "registry+https://github.com/rust-lang/crates.io-index"
checksum = "12b8adadd720df158f4d70dfe7ccc6adb0472d7c55ca83445f6a5ab3e36f8fb6"

[[package]]
name = "linked_list_allocator"
version = "0.9.0"
source = "registry+https://github.com/rust-lang/crates.io-index"
checksum = "d0b725207570aa16096962d0b20c79f8a543df2280bd3c903022b9b0b4d7ea68"

[[package]]
name = "lock_api"
version = "0.4.4"
source = "registry+https://github.com/rust-lang/crates.io-index"
checksum = "0382880606dff6d15c9476c416d18690b72742aa7b605bb6dd6ec9030fbf07eb"
dependencies = [
 "scopeguard",
]

[[package]]
name = "lset"
version = "0.1.0"
source = "registry+https://github.com/rust-lang/crates.io-index"
checksum = "23b20ea162e8026b8fc058e49bbc77ad7dd48d1907b3de206ecbe549c7ce669a"

[[package]]
name = "nbytes"
version = "0.1.0"
source = "registry+https://github.com/rust-lang/crates.io-index"
checksum = "c619aa76dbb3f67970c7cf10fc3efa81da412be26d4dda1726af76b25260dc66"

[[package]]
name = "plain"
version = "0.2.3"
source = "registry+https://github.com/rust-lang/crates.io-index"
checksum = "b4596b6d070b27117e987119b4dac604f3c58cfb0b191112e24771b2faeac1a6"

[[package]]
name = "primordial"
version = "0.1.0"
source = "registry+https://github.com/rust-lang/crates.io-index"
checksum = "979d94833957a6485c5cac4b71d552a9cd0b9f3f6fd1c7c5dc8096b3ee2bcd13"

[[package]]
name = "rcrt1"
version = "0.1.0"
source = "git+https://github.com/enarx/rcrt1?rev=2205dc7#2205dc77b97b7d27dda2f34b4f1dacdb45f37186"
dependencies = [
 "goblin",
 "libc",
]

[[package]]
name = "sallyport"
version = "0.1.0"
source = "git+https://github.com/enarx/sallyport?rev=efccf0f#efccf0f52bee0a80d7084d63976d962096d204df"
dependencies = [
 "libc",
 "primordial",
]

[[package]]
name = "scopeguard"
version = "1.1.0"
source = "registry+https://github.com/rust-lang/crates.io-index"
checksum = "d29ab0c6d3fc0ee92fe66e2d99f700eab17a8d57d1c1d3b748380fb20baa78cd"

[[package]]
name = "scroll"
version = "0.10.2"
source = "registry+https://github.com/rust-lang/crates.io-index"
checksum = "fda28d4b4830b807a8b43f7b0e6b5df875311b3e7621d84577188c175b6ec1ec"

[[package]]
name = "shim-sev"
version = "0.1.0"
dependencies = [
 "array-const-fn-init",
 "compiler_builtins",
 "crt0stack",
 "goblin",
 "libc",
 "linked_list_allocator",
 "lset",
 "nbytes",
 "primordial",
 "rcrt1",
 "sallyport",
 "spinning",
 "x86_64",
]

[[package]]
name = "spinning"
version = "0.1.0"
source = "registry+https://github.com/rust-lang/crates.io-index"
checksum = "2d4f0e86297cad2658d92a707320d87bf4e6ae1050287f51d19b67ef3f153a7b"
dependencies = [
 "lock_api",
]

[[package]]
name = "volatile"
version = "0.4.4"
source = "registry+https://github.com/rust-lang/crates.io-index"
checksum = "e4c2dbd44eb8b53973357e6e207e370f0c1059990df850aca1eca8947cf464f0"

[[package]]
name = "x86_64"
version = "0.14.3"
source = "registry+https://github.com/rust-lang/crates.io-index"
checksum = "b7c54a17492391c594753ce2a180142bec7ad2876543565c2a08aa11cddef251"
dependencies = [
 "bit_field",
 "bitflags",
 "volatile",
]
